{
    "requires": true,
    "lockfileVersion": 1,
    "dependencies": {
        "@rails/ujs": {
            "version": "6.0.2-2",
            "resolved": "https://registry.npmjs.org/@rails/ujs/-/ujs-6.0.2-2.tgz",
            "integrity": "sha512-JtDia3bpMbk4WeI4TwGzBfO9ahe6JeNaVE5d6qt1dS0c2KSSXxtKG4YpdiSQLZbutKAiakJPLZ3ZeoD6wRRIXg=="
        }
    }
}
